
Microsoft Visual Studio Solution File, Format Version 12.00
# Visual Studio 15
Project("{FAE04EC0-301F-11D3-BF4B-00C04F79EFBC}") = "SpaceFactories", "SpaceFactories\SpaceFactories.csproj", "{B66B824C-885E-4780-A932-2C7FDF65F382}"
EndProject
Global
	GlobalSection(SolutionConfigurationPlatforms) = preSolution
		Debug|x86 = Debug|x86
		Release|x86 = Release|x86
	EndGlobalSection
	GlobalSection(ProjectConfigurationPlatforms) = postSolution
		{B66B824C-885E-4780-A932-2C7FDF65F382}.Debug|x86.ActiveCfg = Debug|x86
		{B66B824C-885E-4780-A932-2C7FDF65F382}.Debug|x86.Build.0 = Debug|x86
		{B66B824C-885E-4780-A932-2C7FDF65F382}.Release|x86.ActiveCfg = Release|x86
		{B66B824C-885E-4780-A932-2C7FDF65F382}.Release|x86.Build.0 = Release|x86
	EndGlobalSection
EndGlobal
