
Microsoft Visual Studio Solution File, Format Version 12.00
# Visual Studio 15
Project("{FAE04EC0-301F-11D3-BF4B-00C04F79EFBC}") = "HangMan", "Hangman\HangMan.csproj", "{A29A9E88-458C-438B-9E20-B08F6FA73CF7}"
EndProject
Global
	GlobalSection(SolutionConfigurationPlatforms) = preSolution
		Debug|x86 = Debug|x86
		Release|x86 = Release|x86
	EndGlobalSection
	GlobalSection(ProjectConfigurationPlatforms) = postSolution
		{A29A9E88-458C-438B-9E20-B08F6FA73CF7}.Debug|x86.ActiveCfg = Debug|x86
		{A29A9E88-458C-438B-9E20-B08F6FA73CF7}.Debug|x86.Build.0 = Debug|x86
		{A29A9E88-458C-438B-9E20-B08F6FA73CF7}.Release|x86.ActiveCfg = Release|x86
		{A29A9E88-458C-438B-9E20-B08F6FA73CF7}.Release|x86.Build.0 = Release|x86
	EndGlobalSection
EndGlobal
